// !$*UTF8*$!
{
	archiveVersion = 1;
	classes = {
	};
	objectVersion = 46;
	objects = {

/* Begin PBXBuildFile section */
		3D2FE26054A45EB638E7C41E /* Pods_Bandy.framework in Frameworks */ = {isa = PBXBuildFile; fileRef = 521F69E7304AA7512901F908 /* Pods_Bandy.framework */; };
		F906ADD320BE7BA2000D8E78 /* LoginTestViewController.swift in Sources */ = {isa = PBXBuildFile; fileRef = F906ADD220BE7BA2000D8E78 /* LoginTestViewController.swift */; };
		F929B74C208F8763001B58D6 /* LabelProfilViewController.swift in Sources */ = {isa = PBXBuildFile; fileRef = F929B74B208F8763001B58D6 /* LabelProfilViewController.swift */; };
		F929B74E208F8782001B58D6 /* EditLabelProfilViewController.swift in Sources */ = {isa = PBXBuildFile; fileRef = F929B74D208F8782001B58D6 /* EditLabelProfilViewController.swift */; };
		F9C43C3520BEA6A900CD44AC /* Apollo.framework in Frameworks */ = {isa = PBXBuildFile; fileRef = F9C43C3420BEA6A900CD44AC /* Apollo.framework */; };
		F9C43C3720BEB16800CD44AC /* bandy.graphql in Resources */ = {isa = PBXBuildFile; fileRef = F9C43C3620BEB16800CD44AC /* bandy.graphql */; };
		F9C961601EC62BA80094EDFE /* AppDelegate.swift in Sources */ = {isa = PBXBuildFile; fileRef = F9C9615F1EC62BA80094EDFE /* AppDelegate.swift */; };
		F9C961621EC62BA80094EDFE /* ViewController.swift in Sources */ = {isa = PBXBuildFile; fileRef = F9C961611EC62BA80094EDFE /* ViewController.swift */; };
		F9C961651EC62BA80094EDFE /* Main.storyboard in Resources */ = {isa = PBXBuildFile; fileRef = F9C961631EC62BA80094EDFE /* Main.storyboard */; };
		F9C9616A1EC62BA80094EDFE /* Assets.xcassets in Resources */ = {isa = PBXBuildFile; fileRef = F9C961691EC62BA80094EDFE /* Assets.xcassets */; };
		F9C9616D1EC62BA80094EDFE /* LaunchScreen.storyboard in Resources */ = {isa = PBXBuildFile; fileRef = F9C9616B1EC62BA80094EDFE /* LaunchScreen.storyboard */; };
		F9C961831EC62BA80094EDFE /* BandyUITests.swift in Sources */ = {isa = PBXBuildFile; fileRef = F9C961821EC62BA80094EDFE /* BandyUITests.swift */; };
		F9E61BFB1FCC275200715124 /* LoginViewController.swift in Sources */ = {isa = PBXBuildFile; fileRef = F9E61BFA1FCC275200715124 /* LoginViewController.swift */; };
		F9E61BFF1FCC39F200715124 /* RegisterViewController.swift in Sources */ = {isa = PBXBuildFile; fileRef = F9E61BFE1FCC39F200715124 /* RegisterViewController.swift */; };
		F9E61C021FCC3D8D00715124 /* ProfilViewController.swift in Sources */ = {isa = PBXBuildFile; fileRef = F9E61C011FCC3D8D00715124 /* ProfilViewController.swift */; };
		F9E61C041FCC3FBB00715124 /* ProfilEditViewController.swift in Sources */ = {isa = PBXBuildFile; fileRef = F9E61C031FCC3FBB00715124 /* ProfilEditViewController.swift */; };
/* End PBXBuildFile section */

/* Begin PBXContainerItemProxy section */
		F9C961741EC62BA80094EDFE /* PBXContainerItemProxy */ = {
			isa = PBXContainerItemProxy;
			containerPortal = F9C961541EC62BA80094EDFE /* Project object */;
			proxyType = 1;
			remoteGlobalIDString = F9C9615B1EC62BA80094EDFE;
			remoteInfo = Bandy;
		};
		F9C9617F1EC62BA80094EDFE /* PBXContainerItemProxy */ = {
			isa = PBXContainerItemProxy;
			containerPortal = F9C961541EC62BA80094EDFE /* Project object */;
			proxyType = 1;
			remoteGlobalIDString = F9C9615B1EC62BA80094EDFE;
			remoteInfo = Bandy;
		};
/* End PBXContainerItemProxy section */

/* Begin PBXCopyFilesBuildPhase section */
		F910BFDE1F9DD7EA00CB8E69 /* Embed Frameworks */ = {
			isa = PBXCopyFilesBuildPhase;
			buildActionMask = 2147483647;
			dstPath = "";
			dstSubfolderSpec = 10;
			files = (
			);
			name = "Embed Frameworks";
			runOnlyForDeploymentPostprocessing = 0;
		};
/* End PBXCopyFilesBuildPhase section */

/* Begin PBXFileReference section */
		4EDE8D75A8F7265E9CF14B00 /* Pods-Bandy.debug.xcconfig */ = {isa = PBXFileReference; includeInIndex = 1; lastKnownFileType = text.xcconfig; name = "Pods-Bandy.debug.xcconfig"; path = "Pods/Target Support Files/Pods-Bandy/Pods-Bandy.debug.xcconfig"; sourceTree = "<group>"; };
		521F69E7304AA7512901F908 /* Pods_Bandy.framework */ = {isa = PBXFileReference; explicitFileType = wrapper.framework; includeInIndex = 0; path = Pods_Bandy.framework; sourceTree = BUILT_PRODUCTS_DIR; };
		8E942F9FED8A0CD253E75FF4 /* Pods-Bandy.release.xcconfig */ = {isa = PBXFileReference; includeInIndex = 1; lastKnownFileType = text.xcconfig; name = "Pods-Bandy.release.xcconfig"; path = "Pods/Target Support Files/Pods-Bandy/Pods-Bandy.release.xcconfig"; sourceTree = "<group>"; };
		F906ADD220BE7BA2000D8E78 /* LoginTestViewController.swift */ = {isa = PBXFileReference; lastKnownFileType = sourcecode.swift; path = LoginTestViewController.swift; sourceTree = "<group>"; };
		F929B74B208F8763001B58D6 /* LabelProfilViewController.swift */ = {isa = PBXFileReference; lastKnownFileType = sourcecode.swift; path = LabelProfilViewController.swift; sourceTree = "<group>"; };
		F929B74D208F8782001B58D6 /* EditLabelProfilViewController.swift */ = {isa = PBXFileReference; lastKnownFileType = sourcecode.swift; path = EditLabelProfilViewController.swift; sourceTree = "<group>"; };
		F9C43C3420BEA6A900CD44AC /* Apollo.framework */ = {isa = PBXFileReference; explicitFileType = wrapper.framework; name = Apollo.framework; path = Apollo/Apollo.framework; sourceTree = BUILT_PRODUCTS_DIR; };
		F9C43C3620BEB16800CD44AC /* bandy.graphql */ = {isa = PBXFileReference; fileEncoding = 4; lastKnownFileType = text; path = bandy.graphql; sourceTree = "<group>"; };
		F9C9615C1EC62BA80094EDFE /* Bandy.app */ = {isa = PBXFileReference; explicitFileType = wrapper.application; includeInIndex = 0; path = Bandy.app; sourceTree = BUILT_PRODUCTS_DIR; };
		F9C9615F1EC62BA80094EDFE /* AppDelegate.swift */ = {isa = PBXFileReference; lastKnownFileType = sourcecode.swift; path = AppDelegate.swift; sourceTree = "<group>"; };
		F9C961611EC62BA80094EDFE /* ViewController.swift */ = {isa = PBXFileReference; lastKnownFileType = sourcecode.swift; path = ViewController.swift; sourceTree = "<group>"; };
		F9C961641EC62BA80094EDFE /* Base */ = {isa = PBXFileReference; lastKnownFileType = file.storyboard; name = Base; path = Base.lproj/Main.storyboard; sourceTree = "<group>"; };
		F9C961691EC62BA80094EDFE /* Assets.xcassets */ = {isa = PBXFileReference; lastKnownFileType = folder.assetcatalog; path = Assets.xcassets; sourceTree = "<group>"; };
		F9C9616C1EC62BA80094EDFE /* Base */ = {isa = PBXFileReference; lastKnownFileType = file.storyboard; name = Base; path = Base.lproj/LaunchScreen.storyboard; sourceTree = "<group>"; };
		F9C9616E1EC62BA80094EDFE /* Info.plist */ = {isa = PBXFileReference; lastKnownFileType = text.plist.xml; path = Info.plist; sourceTree = "<group>"; };
		F9C961731EC62BA80094EDFE /* BandyTests.xctest */ = {isa = PBXFileReference; explicitFileType = wrapper.cfbundle; includeInIndex = 0; path = BandyTests.xctest; sourceTree = BUILT_PRODUCTS_DIR; };
		F9C961771EC62BA80094EDFE /* BandyTests.swift */ = {isa = PBXFileReference; lastKnownFileType = sourcecode.swift; path = BandyTests.swift; sourceTree = "<group>"; };
		F9C961791EC62BA80094EDFE /* Info.plist */ = {isa = PBXFileReference; lastKnownFileType = text.plist.xml; path = Info.plist; sourceTree = "<group>"; };
		F9C9617E1EC62BA80094EDFE /* BandyUITests.xctest */ = {isa = PBXFileReference; explicitFileType = wrapper.cfbundle; includeInIndex = 0; path = BandyUITests.xctest; sourceTree = BUILT_PRODUCTS_DIR; };
		F9C961821EC62BA80094EDFE /* BandyUITests.swift */ = {isa = PBXFileReference; lastKnownFileType = sourcecode.swift; path = BandyUITests.swift; sourceTree = "<group>"; };
		F9C961841EC62BA80094EDFE /* Info.plist */ = {isa = PBXFileReference; lastKnownFileType = text.plist.xml; path = Info.plist; sourceTree = "<group>"; };
		F9E61BFA1FCC275200715124 /* LoginViewController.swift */ = {isa = PBXFileReference; fileEncoding = 4; lastKnownFileType = sourcecode.swift; path = LoginViewController.swift; sourceTree = "<group>"; };
		F9E61BFE1FCC39F200715124 /* RegisterViewController.swift */ = {isa = PBXFileReference; fileEncoding = 4; lastKnownFileType = sourcecode.swift; path = RegisterViewController.swift; sourceTree = "<group>"; };
		F9E61C011FCC3D8D00715124 /* ProfilViewController.swift */ = {isa = PBXFileReference; fileEncoding = 4; lastKnownFileType = sourcecode.swift; path = ProfilViewController.swift; sourceTree = "<group>"; };
		F9E61C031FCC3FBB00715124 /* ProfilEditViewController.swift */ = {isa = PBXFileReference; fileEncoding = 4; lastKnownFileType = sourcecode.swift; path = ProfilEditViewController.swift; sourceTree = "<group>"; };
/* End PBXFileReference section */

/* Begin PBXFrameworksBuildPhase section */
		F9C961591EC62BA80094EDFE /* Frameworks */ = {
			isa = PBXFrameworksBuildPhase;
			buildActionMask = 2147483647;
			files = (
				F9C43C3520BEA6A900CD44AC /* Apollo.framework in Frameworks */,
				3D2FE26054A45EB638E7C41E /* Pods_Bandy.framework in Frameworks */,
			);
			runOnlyForDeploymentPostprocessing = 0;
		};
		F9C961701EC62BA80094EDFE /* Frameworks */ = {
			isa = PBXFrameworksBuildPhase;
			buildActionMask = 2147483647;
			files = (
			);
			runOnlyForDeploymentPostprocessing = 0;
		};
		F9C9617B1EC62BA80094EDFE /* Frameworks */ = {
			isa = PBXFrameworksBuildPhase;
			buildActionMask = 2147483647;
			files = (
			);
			runOnlyForDeploymentPostprocessing = 0;
		};
/* End PBXFrameworksBuildPhase section */

/* Begin PBXGroup section */
		2224B9E595A6A348A492DBBF /* Frameworks */ = {
			isa = PBXGroup;
			children = (
				F9C43C3420BEA6A900CD44AC /* Apollo.framework */,
				521F69E7304AA7512901F908 /* Pods_Bandy.framework */,
			);
			name = Frameworks;
			sourceTree = "<group>";
		};
		DCBD683696F319AC8DC72184 /* Pods */ = {
			isa = PBXGroup;
			children = (
				4EDE8D75A8F7265E9CF14B00 /* Pods-Bandy.debug.xcconfig */,
				8E942F9FED8A0CD253E75FF4 /* Pods-Bandy.release.xcconfig */,
			);
			name = Pods;
			sourceTree = "<group>";
		};
		F961E6C8208F70C00063B391 /* Label */ = {
			isa = PBXGroup;
			children = (
				F929B74B208F8763001B58D6 /* LabelProfilViewController.swift */,
				F929B74D208F8782001B58D6 /* EditLabelProfilViewController.swift */,
			);
			name = Label;
			sourceTree = "<group>";
		};
		F9677F3A1FCC143A0022825E /* Login */ = {
			isa = PBXGroup;
			children = (
				F9E61BFA1FCC275200715124 /* LoginViewController.swift */,
				F9E61BFE1FCC39F200715124 /* RegisterViewController.swift */,
				F906ADD220BE7BA2000D8E78 /* LoginTestViewController.swift */,
			);
			name = Login;
			sourceTree = "<group>";
		};
		F987911B20491D62001FCFEC /* Musicien */ = {
			isa = PBXGroup;
			children = (
				F9E61C011FCC3D8D00715124 /* ProfilViewController.swift */,
				F9E61C031FCC3FBB00715124 /* ProfilEditViewController.swift */,
			);
			name = Musicien;
			sourceTree = "<group>";
		};
		F9C961531EC62BA80094EDFE = {
			isa = PBXGroup;
			children = (
				F9C43C3620BEB16800CD44AC /* bandy.graphql */,
				F9C9615E1EC62BA80094EDFE /* Bandy */,
				F9C961761EC62BA80094EDFE /* BandyTests */,
				F9C961811EC62BA80094EDFE /* BandyUITests */,
				F9C9615D1EC62BA80094EDFE /* Products */,
				2224B9E595A6A348A492DBBF /* Frameworks */,
				DCBD683696F319AC8DC72184 /* Pods */,
			);
			sourceTree = "<group>";
		};
		F9C9615D1EC62BA80094EDFE /* Products */ = {
			isa = PBXGroup;
			children = (
				F9C9615C1EC62BA80094EDFE /* Bandy.app */,
				F9C961731EC62BA80094EDFE /* BandyTests.xctest */,
				F9C9617E1EC62BA80094EDFE /* BandyUITests.xctest */,
			);
			name = Products;
			sourceTree = "<group>";
		};
		F9C9615E1EC62BA80094EDFE /* Bandy */ = {
			isa = PBXGroup;
			children = (
				F961E6C8208F70C00063B391 /* Label */,
				F987911B20491D62001FCFEC /* Musicien */,
				F9677F3A1FCC143A0022825E /* Login */,
				F9C9615F1EC62BA80094EDFE /* AppDelegate.swift */,
				F9C961611EC62BA80094EDFE /* ViewController.swift */,
				F9C961631EC62BA80094EDFE /* Main.storyboard */,
				F9C961691EC62BA80094EDFE /* Assets.xcassets */,
				F9C9616B1EC62BA80094EDFE /* LaunchScreen.storyboard */,
				F9C9616E1EC62BA80094EDFE /* Info.plist */,
			);
			path = Bandy;
			sourceTree = "<group>";
		};
		F9C961761EC62BA80094EDFE /* BandyTests */ = {
			isa = PBXGroup;
			children = (
				F9C961771EC62BA80094EDFE /* BandyTests.swift */,
				F9C961791EC62BA80094EDFE /* Info.plist */,
			);
			path = BandyTests;
			sourceTree = "<group>";
		};
		F9C961811EC62BA80094EDFE /* BandyUITests */ = {
			isa = PBXGroup;
			children = (
				F9C961821EC62BA80094EDFE /* BandyUITests.swift */,
				F9C961841EC62BA80094EDFE /* Info.plist */,
			);
			path = BandyUITests;
			sourceTree = "<group>";
		};
/* End PBXGroup section */

/* Begin PBXNativeTarget section */
		F9C9615B1EC62BA80094EDFE /* Bandy */ = {
			isa = PBXNativeTarget;
			buildConfigurationList = F9C961871EC62BA80094EDFE /* Build configuration list for PBXNativeTarget "Bandy" */;
			buildPhases = (
				D7F7A7150E20F2A65C1FE954 /* [CP] Check Pods Manifest.lock */,
				F95B06F220BE89BA0095A1D9 /* Generate  Apollo GraphQL API */,
				F9C961581EC62BA80094EDFE /* Sources */,
				F9C961591EC62BA80094EDFE /* Frameworks */,
				F9C9615A1EC62BA80094EDFE /* Resources */,
				F910BFDE1F9DD7EA00CB8E69 /* Embed Frameworks */,
				43487BD0BFDA9AB5383733F8 /* [CP] Embed Pods Frameworks */,
			);
			buildRules = (
			);
			dependencies = (
			);
			name = Bandy;
			productName = Bandy;
			productReference = F9C9615C1EC62BA80094EDFE /* Bandy.app */;
			productType = "com.apple.product-type.application";
		};
		F9C961721EC62BA80094EDFE /* BandyTests */ = {
			isa = PBXNativeTarget;
			buildConfigurationList = F9C9618A1EC62BA80094EDFE /* Build configuration list for PBXNativeTarget "BandyTests" */;
			buildPhases = (
				F9C9616F1EC62BA80094EDFE /* Sources */,
				F9C961701EC62BA80094EDFE /* Frameworks */,
				F9C961711EC62BA80094EDFE /* Resources */,
			);
			buildRules = (
			);
			dependencies = (
				F9C961751EC62BA80094EDFE /* PBXTargetDependency */,
			);
			name = BandyTests;
			productName = BandyTests;
			productReference = F9C961731EC62BA80094EDFE /* BandyTests.xctest */;
			productType = "com.apple.product-type.bundle.unit-test";
		};
		F9C9617D1EC62BA80094EDFE /* BandyUITests */ = {
			isa = PBXNativeTarget;
			buildConfigurationList = F9C9618D1EC62BA80094EDFE /* Build configuration list for PBXNativeTarget "BandyUITests" */;
			buildPhases = (
				F9C9617A1EC62BA80094EDFE /* Sources */,
				F9C9617B1EC62BA80094EDFE /* Frameworks */,
				F9C9617C1EC62BA80094EDFE /* Resources */,
			);
			buildRules = (
			);
			dependencies = (
				F9C961801EC62BA80094EDFE /* PBXTargetDependency */,
			);
			name = BandyUITests;
			productName = BandyUITests;
			productReference = F9C9617E1EC62BA80094EDFE /* BandyUITests.xctest */;
			productType = "com.apple.product-type.bundle.ui-testing";
		};
/* End PBXNativeTarget section */

/* Begin PBXProject section */
		F9C961541EC62BA80094EDFE /* Project object */ = {
			isa = PBXProject;
			attributes = {
				LastSwiftUpdateCheck = 0830;
				LastUpgradeCheck = 0930;
				ORGANIZATIONNAME = Bandy;
				TargetAttributes = {
					F9C9615B1EC62BA80094EDFE = {
						CreatedOnToolsVersion = 8.3.2;
						DevelopmentTeam = KA53CDTBA5;
						LastSwiftMigration = 1000;
						ProvisioningStyle = Automatic;
					};
					F9C961721EC62BA80094EDFE = {
						CreatedOnToolsVersion = 8.3.2;
						DevelopmentTeam = KA53CDTBA5;
						LastSwiftMigration = 1000;
						ProvisioningStyle = Automatic;
						TestTargetID = F9C9615B1EC62BA80094EDFE;
					};
					F9C9617D1EC62BA80094EDFE = {
						CreatedOnToolsVersion = 8.3.2;
						DevelopmentTeam = KA53CDTBA5;
						LastSwiftMigration = 1000;
						ProvisioningStyle = Automatic;
						TestTargetID = F9C9615B1EC62BA80094EDFE;
					};
				};
			};
			buildConfigurationList = F9C961571EC62BA80094EDFE /* Build configuration list for PBXProject "Bandy" */;
			compatibilityVersion = "Xcode 3.2";
			developmentRegion = English;
			hasScannedForEncodings = 0;
			knownRegions = (
				en,
				Base,
			);
			mainGroup = F9C961531EC62BA80094EDFE;
			productRefGroup = F9C9615D1EC62BA80094EDFE /* Products */;
			projectDirPath = "";
			projectRoot = "";
			targets = (
				F9C9615B1EC62BA80094EDFE /* Bandy */,
				F9C961721EC62BA80094EDFE /* BandyTests */,
				F9C9617D1EC62BA80094EDFE /* BandyUITests */,
			);
		};
/* End PBXProject section */

/* Begin PBXResourcesBuildPhase section */
		F9C9615A1EC62BA80094EDFE /* Resources */ = {
			isa = PBXResourcesBuildPhase;
			buildActionMask = 2147483647;
			files = (
				F9C43C3720BEB16800CD44AC /* bandy.graphql in Resources */,
				F9C9616D1EC62BA80094EDFE /* LaunchScreen.storyboard in Resources */,
				F9C9616A1EC62BA80094EDFE /* Assets.xcassets in Resources */,
				F9C961651EC62BA80094EDFE /* Main.storyboard in Resources */,
			);
			runOnlyForDeploymentPostprocessing = 0;
		};
		F9C961711EC62BA80094EDFE /* Resources */ = {
			isa = PBXResourcesBuildPhase;
			buildActionMask = 2147483647;
			files = (
			);
			runOnlyForDeploymentPostprocessing = 0;
		};
		F9C9617C1EC62BA80094EDFE /* Resources */ = {
			isa = PBXResourcesBuildPhase;
			buildActionMask = 2147483647;
			files = (
			);
			runOnlyForDeploymentPostprocessing = 0;
		};
/* End PBXResourcesBuildPhase section */

/* Begin PBXShellScriptBuildPhase section */
		43487BD0BFDA9AB5383733F8 /* [CP] Embed Pods Frameworks */ = {
			isa = PBXShellScriptBuildPhase;
			buildActionMask = 2147483647;
			files = (
			);
			inputPaths = (
				"${SRCROOT}/Pods/Target Support Files/Pods-Bandy/Pods-Bandy-frameworks.sh",
				"${BUILT_PRODUCTS_DIR}/Alamofire/Alamofire.framework",
				"${BUILT_PRODUCTS_DIR}/Apollo/Apollo.framework",
			);
			name = "[CP] Embed Pods Frameworks";
			outputPaths = (
				"${TARGET_BUILD_DIR}/${FRAMEWORKS_FOLDER_PATH}/Alamofire.framework",
				"${TARGET_BUILD_DIR}/${FRAMEWORKS_FOLDER_PATH}/Apollo.framework",
			);
			runOnlyForDeploymentPostprocessing = 0;
			shellPath = /bin/sh;
			shellScript = "\"${SRCROOT}/Pods/Target Support Files/Pods-Bandy/Pods-Bandy-frameworks.sh\"\n";
			showEnvVarsInLog = 0;
		};
		D7F7A7150E20F2A65C1FE954 /* [CP] Check Pods Manifest.lock */ = {
			isa = PBXShellScriptBuildPhase;
			buildActionMask = 2147483647;
			files = (
			);
			inputPaths = (
				"${PODS_PODFILE_DIR_PATH}/Podfile.lock",
				"${PODS_ROOT}/Manifest.lock",
			);
			name = "[CP] Check Pods Manifest.lock";
			outputPaths = (
				"$(DERIVED_FILE_DIR)/Pods-Bandy-checkManifestLockResult.txt",
			);
			runOnlyForDeploymentPostprocessing = 0;
			shellPath = /bin/sh;
			shellScript = "diff \"${PODS_PODFILE_DIR_PATH}/Podfile.lock\" \"${PODS_ROOT}/Manifest.lock\" > /dev/null\nif [ $? != 0 ] ; then\n    # print error to STDERR\n    echo \"error: The sandbox is not in sync with the Podfile.lock. Run 'pod install' or update your CocoaPods installation.\" >&2\n    exit 1\nfi\n# This output is used by Xcode 'outputs' to avoid re-running this script phase.\necho \"SUCCESS\" > \"${SCRIPT_OUTPUT_FILE_0}\"\n";
			showEnvVarsInLog = 0;
		};
		F95B06F220BE89BA0095A1D9 /* Generate  Apollo GraphQL API */ = {
			isa = PBXShellScriptBuildPhase;
			buildActionMask = 2147483647;
			files = (
			);
			inputPaths = (
			);
			name = "Generate  Apollo GraphQL API";
			outputPaths = (
			);
			runOnlyForDeploymentPostprocessing = 0;
			shellPath = /bin/sh;
			shellScript = "APOLLO_FRAMEWORK_PATH=\"$(eval find $FRAMEWORK_SEARCH_PATHS -name \"Apollo.framework\" -maxdepth 1)\"\n\nif [ -z \"$APOLLO_FRAMEWORK_PATH\" ]; then\necho \"error: Couldn't find Apollo.framework in FRAMEWORK_SEARCH_PATHS; make sure to add the framework to your project.\"\nexit 1\nfi\n\ncd \"${SRCROOT}/${TARGET_NAME}\"\n$APOLLO_FRAMEWORK_PATH/check-and-run-apollo-cli.sh codegen:generate --queries=\"$(find . -name '*.graphql')\" --schema=schema.json API.swift\n";
		};
/* End PBXShellScriptBuildPhase section */

/* Begin PBXSourcesBuildPhase section */
		F9C961581EC62BA80094EDFE /* Sources */ = {
			isa = PBXSourcesBuildPhase;
			buildActionMask = 2147483647;
			files = (
				F906ADD320BE7BA2000D8E78 /* LoginTestViewController.swift in Sources */,
				F9E61C021FCC3D8D00715124 /* ProfilViewController.swift in Sources */,
				F9E61C041FCC3FBB00715124 /* ProfilEditViewController.swift in Sources */,
				F929B74E208F8782001B58D6 /* EditLabelProfilViewController.swift in Sources */,
				F9E61BFB1FCC275200715124 /* LoginViewController.swift in Sources */,
				F9E61BFF1FCC39F200715124 /* RegisterViewController.swift in Sources */,
				F9C961621EC62BA80094EDFE /* ViewController.swift in Sources */,
				F929B74C208F8763001B58D6 /* LabelProfilViewController.swift in Sources */,
				F9C961601EC62BA80094EDFE /* AppDelegate.swift in Sources */,
			);
			runOnlyForDeploymentPostprocessing = 0;
		};
		F9C9616F1EC62BA80094EDFE /* Sources */ = {
			isa = PBXSourcesBuildPhase;
			buildActionMask = 2147483647;
			files = (
			);
			runOnlyForDeploymentPostprocessing = 0;
		};
		F9C9617A1EC62BA80094EDFE /* Sources */ = {
			isa = PBXSourcesBuildPhase;
			buildActionMask = 2147483647;
			files = (
				F9C961831EC62BA80094EDFE /* BandyUITests.swift in Sources */,
			);
			runOnlyForDeploymentPostprocessing = 0;
		};
/* End PBXSourcesBuildPhase section */

/* Begin PBXTargetDependency section */
		F9C961751EC62BA80094EDFE /* PBXTargetDependency */ = {
			isa = PBXTargetDependency;
			target = F9C9615B1EC62BA80094EDFE /* Bandy */;
			targetProxy = F9C961741EC62BA80094EDFE /* PBXContainerItemProxy */;
		};
		F9C961801EC62BA80094EDFE /* PBXTargetDependency */ = {
			isa = PBXTargetDependency;
			target = F9C9615B1EC62BA80094EDFE /* Bandy */;
			targetProxy = F9C9617F1EC62BA80094EDFE /* PBXContainerItemProxy */;
		};
/* End PBXTargetDependency section */

/* Begin PBXVariantGroup section */
		F9C961631EC62BA80094EDFE /* Main.storyboard */ = {
			isa = PBXVariantGroup;
			children = (
				F9C961641EC62BA80094EDFE /* Base */,
			);
			name = Main.storyboard;
			sourceTree = "<group>";
		};
		F9C9616B1EC62BA80094EDFE /* LaunchScreen.storyboard */ = {
			isa = PBXVariantGroup;
			children = (
				F9C9616C1EC62BA80094EDFE /* Base */,
			);
			name = LaunchScreen.storyboard;
			sourceTree = "<group>";
		};
/* End PBXVariantGroup section */

/* Begin XCBuildConfiguration section */
		F9C961851EC62BA80094EDFE /* Debug */ = {
			isa = XCBuildConfiguration;
			buildSettings = {
				ALWAYS_SEARCH_USER_PATHS = NO;
				CLANG_ANALYZER_NONNULL = YES;
				CLANG_ANALYZER_NUMBER_OBJECT_CONVERSION = YES_AGGRESSIVE;
				CLANG_CXX_LANGUAGE_STANDARD = "gnu++0x";
				CLANG_CXX_LIBRARY = "libc++";
				CLANG_ENABLE_MODULES = YES;
				CLANG_ENABLE_OBJC_ARC = YES;
				CLANG_WARN_BLOCK_CAPTURE_AUTORELEASING = YES;
				CLANG_WARN_BOOL_CONVERSION = YES;
				CLANG_WARN_COMMA = YES;
				CLANG_WARN_CONSTANT_CONVERSION = YES;
				CLANG_WARN_DEPRECATED_OBJC_IMPLEMENTATIONS = YES;
				CLANG_WARN_DIRECT_OBJC_ISA_USAGE = YES_ERROR;
				CLANG_WARN_DOCUMENTATION_COMMENTS = YES;
				CLANG_WARN_EMPTY_BODY = YES;
				CLANG_WARN_ENUM_CONVERSION = YES;
				CLANG_WARN_INFINITE_RECURSION = YES;
				CLANG_WARN_INT_CONVERSION = YES;
				CLANG_WARN_NON_LITERAL_NULL_CONVERSION = YES;
				CLANG_WARN_OBJC_IMPLICIT_RETAIN_SELF = YES;
				CLANG_WARN_OBJC_LITERAL_CONVERSION = YES;
				CLANG_WARN_OBJC_ROOT_CLASS = YES_ERROR;
				CLANG_WARN_RANGE_LOOP_ANALYSIS = YES;
				CLANG_WARN_STRICT_PROTOTYPES = YES;
				CLANG_WARN_SUSPICIOUS_MOVE = YES;
				CLANG_WARN_UNREACHABLE_CODE = YES;
				CLANG_WARN__DUPLICATE_METHOD_MATCH = YES;
				"CODE_SIGN_IDENTITY[sdk=iphoneos*]" = "iPhone Developer";
				COPY_PHASE_STRIP = NO;
				DEBUG_INFORMATION_FORMAT = dwarf;
				ENABLE_STRICT_OBJC_MSGSEND = YES;
				ENABLE_TESTABILITY = YES;
				GCC_C_LANGUAGE_STANDARD = gnu99;
				GCC_DYNAMIC_NO_PIC = NO;
				GCC_NO_COMMON_BLOCKS = YES;
				GCC_OPTIMIZATION_LEVEL = 0;
				GCC_PREPROCESSOR_DEFINITIONS = (
					"DEBUG=1",
					"$(inherited)",
				);
				GCC_WARN_64_TO_32_BIT_CONVERSION = YES;
				GCC_WARN_ABOUT_RETURN_TYPE = YES_ERROR;
				GCC_WARN_UNDECLARED_SELECTOR = YES;
				GCC_WARN_UNINITIALIZED_AUTOS = YES_AGGRESSIVE;
				GCC_WARN_UNUSED_FUNCTION = YES;
				GCC_WARN_UNUSED_VARIABLE = YES;
				IPHONEOS_DEPLOYMENT_TARGET = 10.3;
				MTL_ENABLE_DEBUG_INFO = YES;
				ONLY_ACTIVE_ARCH = YES;
				SDKROOT = iphoneos;
				SWIFT_ACTIVE_COMPILATION_CONDITIONS = DEBUG;
				SWIFT_OPTIMIZATION_LEVEL = "-Onone";
			};
			name = Debug;
		};
		F9C961861EC62BA80094EDFE /* Release */ = {
			isa = XCBuildConfiguration;
			buildSettings = {
				ALWAYS_SEARCH_USER_PATHS = NO;
				CLANG_ANALYZER_NONNULL = YES;
				CLANG_ANALYZER_NUMBER_OBJECT_CONVERSION = YES_AGGRESSIVE;
				CLANG_CXX_LANGUAGE_STANDARD = "gnu++0x";
				CLANG_CXX_LIBRARY = "libc++";
				CLANG_ENABLE_MODULES = YES;
				CLANG_ENABLE_OBJC_ARC = YES;
				CLANG_WARN_BLOCK_CAPTURE_AUTORELEASING = YES;
				CLANG_WARN_BOOL_CONVERSION = YES;
				CLANG_WARN_COMMA = YES;
				CLANG_WARN_CONSTANT_CONVERSION = YES;
				CLANG_WARN_DEPRECATED_OBJC_IMPLEMENTATIONS = YES;
				CLANG_WARN_DIRECT_OBJC_ISA_USAGE = YES_ERROR;
				CLANG_WARN_DOCUMENTATION_COMMENTS = YES;
				CLANG_WARN_EMPTY_BODY = YES;
				CLANG_WARN_ENUM_CONVERSION = YES;
				CLANG_WARN_INFINITE_RECURSION = YES;
				CLANG_WARN_INT_CONVERSION = YES;
				CLANG_WARN_NON_LITERAL_NULL_CONVERSION = YES;
				CLANG_WARN_OBJC_IMPLICIT_RETAIN_SELF = YES;
				CLANG_WARN_OBJC_LITERAL_CONVERSION = YES;
				CLANG_WARN_OBJC_ROOT_CLASS = YES_ERROR;
				CLANG_WARN_RANGE_LOOP_ANALYSIS = YES;
				CLANG_WARN_STRICT_PROTOTYPES = YES;
				CLANG_WARN_SUSPICIOUS_MOVE = YES;
				CLANG_WARN_UNREACHABLE_CODE = YES;
				CLANG_WARN__DUPLICATE_METHOD_MATCH = YES;
				"CODE_SIGN_IDENTITY[sdk=iphoneos*]" = "iPhone Developer";
				COPY_PHASE_STRIP = NO;
				DEBUG_INFORMATION_FORMAT = "dwarf-with-dsym";
				ENABLE_NS_ASSERTIONS = NO;
				ENABLE_STRICT_OBJC_MSGSEND = YES;
				GCC_C_LANGUAGE_STANDARD = gnu99;
				GCC_NO_COMMON_BLOCKS = YES;
				GCC_WARN_64_TO_32_BIT_CONVERSION = YES;
				GCC_WARN_ABOUT_RETURN_TYPE = YES_ERROR;
				GCC_WARN_UNDECLARED_SELECTOR = YES;
				GCC_WARN_UNINITIALIZED_AUTOS = YES_AGGRESSIVE;
				GCC_WARN_UNUSED_FUNCTION = YES;
				GCC_WARN_UNUSED_VARIABLE = YES;
				IPHONEOS_DEPLOYMENT_TARGET = 10.3;
				MTL_ENABLE_DEBUG_INFO = NO;
				SDKROOT = iphoneos;
				SWIFT_OPTIMIZATION_LEVEL = "-Owholemodule";
				VALIDATE_PRODUCT = YES;
			};
			name = Release;
		};
		F9C961881EC62BA80094EDFE /* Debug */ = {
			isa = XCBuildConfiguration;
			baseConfigurationReference = 4EDE8D75A8F7265E9CF14B00 /* Pods-Bandy.debug.xcconfig */;
			buildSettings = {
				ASSETCATALOG_COMPILER_APPICON_NAME = AppIcon;
				DEVELOPMENT_TEAM = KA53CDTBA5;
				INFOPLIST_FILE = Bandy/Info.plist;
				IPHONEOS_DEPLOYMENT_TARGET = 10.0;
				LD_RUNPATH_SEARCH_PATHS = "$(inherited) @executable_path/Frameworks";
				PRODUCT_BUNDLE_IDENTIFIER = "Julien-Kessali.Bandy";
				PRODUCT_NAME = "$(TARGET_NAME)";
				SWIFT_VERSION = 4.2;
			};
			name = Debug;
		};
		F9C961891EC62BA80094EDFE /* Release */ = {
			isa = XCBuildConfiguration;
			baseConfigurationReference = 8E942F9FED8A0CD253E75FF4 /* Pods-Bandy.release.xcconfig */;
			buildSettings = {
				ASSETCATALOG_COMPILER_APPICON_NAME = AppIcon;
				DEVELOPMENT_TEAM = KA53CDTBA5;
				INFOPLIST_FILE = Bandy/Info.plist;
				IPHONEOS_DEPLOYMENT_TARGET = 10.0;
				LD_RUNPATH_SEARCH_PATHS = "$(inherited) @executable_path/Frameworks";
				PRODUCT_BUNDLE_IDENTIFIER = "Julien-Kessali.Bandy";
				PRODUCT_NAME = "$(TARGET_NAME)";
				SWIFT_VERSION = 4.2;
			};
			name = Release;
		};
		F9C9618B1EC62BA80094EDFE /* Debug */ = {
			isa = XCBuildConfiguration;
			buildSettings = {
				ALWAYS_EMBED_SWIFT_STANDARD_LIBRARIES = YES;
				BUNDLE_LOADER = "$(TEST_HOST)";
				DEVELOPMENT_TEAM = KA53CDTBA5;
				INFOPLIST_FILE = BandyTests/Info.plist;
				LD_RUNPATH_SEARCH_PATHS = "$(inherited) @executable_path/Frameworks @loader_path/Frameworks";
				PRODUCT_BUNDLE_IDENTIFIER = "Julien-Kessali.BandyTests";
				PRODUCT_NAME = "$(TARGET_NAME)";
				SWIFT_VERSION = 4.2;
				TEST_HOST = "$(BUILT_PRODUCTS_DIR)/Bandy.app/Bandy";
			};
			name = Debug;
		};
		F9C9618C1EC62BA80094EDFE /* Release */ = {
			isa = XCBuildConfiguration;
			buildSettings = {
				ALWAYS_EMBED_SWIFT_STANDARD_LIBRARIES = YES;
				BUNDLE_LOADER = "$(TEST_HOST)";
				DEVELOPMENT_TEAM = KA53CDTBA5;
				INFOPLIST_FILE = BandyTests/Info.plist;
				LD_RUNPATH_SEARCH_PATHS = "$(inherited) @executable_path/Frameworks @loader_path/Frameworks";
				PRODUCT_BUNDLE_IDENTIFIER = "Julien-Kessali.BandyTests";
				PRODUCT_NAME = "$(TARGET_NAME)";
				SWIFT_VERSION = 4.2;
				TEST_HOST = "$(BUILT_PRODUCTS_DIR)/Bandy.app/Bandy";
			};
			name = Release;
		};
		F9C9618E1EC62BA80094EDFE /* Debug */ = {
			isa = XCBuildConfiguration;
			buildSettings = {
				ALWAYS_EMBED_SWIFT_STANDARD_LIBRARIES = YES;
				DEVELOPMENT_TEAM = KA53CDTBA5;
				INFOPLIST_FILE = BandyUITests/Info.plist;
				LD_RUNPATH_SEARCH_PATHS = "$(inherited) @executable_path/Frameworks @loader_path/Frameworks";
				PRODUCT_BUNDLE_IDENTIFIER = "Julien-Kessali.BandyUITests";
				PRODUCT_NAME = "$(TARGET_NAME)";
				SWIFT_VERSION = 4.2;
				TEST_TARGET_NAME = Bandy;
			};
			name = Debug;
		};
		F9C9618F1EC62BA80094EDFE /* Release */ = {
			isa = XCBuildConfiguration;
			buildSettings = {
				ALWAYS_EMBED_SWIFT_STANDARD_LIBRARIES = YES;
				DEVELOPMENT_TEAM = KA53CDTBA5;
				INFOPLIST_FILE = BandyUITests/Info.plist;
				LD_RUNPATH_SEARCH_PATHS = "$(inherited) @executable_path/Frameworks @loader_path/Frameworks";
				PRODUCT_BUNDLE_IDENTIFIER = "Julien-Kessali.BandyUITests";
				PRODUCT_NAME = "$(TARGET_NAME)";
				SWIFT_VERSION = 4.2;
				TEST_TARGET_NAME = Bandy;
			};
			name = Release;
		};
/* End XCBuildConfiguration section */

/* Begin XCConfigurationList section */
		F9C961571EC62BA80094EDFE /* Build configuration list for PBXProject "Bandy" */ = {
			isa = XCConfigurationList;
			buildConfigurations = (
				F9C961851EC62BA80094EDFE /* Debug */,
				F9C961861EC62BA80094EDFE /* Release */,
			);
			defaultConfigurationIsVisible = 0;
			defaultConfigurationName = Release;
		};
		F9C961871EC62BA80094EDFE /* Build configuration list for PBXNativeTarget "Bandy" */ = {
			isa = XCConfigurationList;
			buildConfigurations = (
				F9C961881EC62BA80094EDFE /* Debug */,
				F9C961891EC62BA80094EDFE /* Release */,
			);
			defaultConfigurationIsVisible = 0;
			defaultConfigurationName = Release;
		};
		F9C9618A1EC62BA80094EDFE /* Build configuration list for PBXNativeTarget "BandyTests" */ = {
			isa = XCConfigurationList;
			buildConfigurations = (
				F9C9618B1EC62BA80094EDFE /* Debug */,
				F9C9618C1EC62BA80094EDFE /* Release */,
			);
			defaultConfigurationIsVisible = 0;
			defaultConfigurationName = Release;
		};
		F9C9618D1EC62BA80094EDFE /* Build configuration list for PBXNativeTarget "BandyUITests" */ = {
			isa = XCConfigurationList;
			buildConfigurations = (
				F9C9618E1EC62BA80094EDFE /* Debug */,
				F9C9618F1EC62BA80094EDFE /* Release */,
			);
			defaultConfigurationIsVisible = 0;
			defaultConfigurationName = Release;
		};
/* End XCConfigurationList section */
	};
	rootObject = F9C961541EC62BA80094EDFE /* Project object */;
}
