PODS:
  - Alamofire (4.7.3)
  - Apollo (0.9.4):
    - Apollo/Core (= 0.9.4)
  - Apollo/Core (0.9.4)

DEPENDENCIES:
  - Alamofire (~> 4.7.3)
  - Apollo

SPEC REPOS:
  https://github.com/cocoapods/specs.git:
    - Alamofire
    - Apollo

SPEC CHECKSUMS:
  Alamofire: c7287b6e5d7da964a70935e5db17046b7fde6568
  Apollo: 450856adbdebcdf28c3c671f81732ac3f9944065

PODFILE CHECKSUM: bc31c6f483e8cda8138cfc888464d3080829386d

COCOAPODS: 1.5.3
